
Microsoft Visual Studio Solution File, Format Version 12.00
# Visual Studio Version 17
VisualStudioVersion = 17.1.32414.318
MinimumVisualStudioVersion = 10.0.40219.1
Project("{FAE04EC0-301F-11D3-BF4B-00C04F79EFBC}") = "KursKSIS", "KursKSIS\KursKSIS.csproj", "{8B0F91FE-4BCC-437F-8DBB-143C6FD78D3F}"
EndProject
Project("{FAE04EC0-301F-11D3-BF4B-00C04F79EFBC}") = "KursKSIS_CLIENT", "KursKSIS_CLIENT\KursKSIS_CLIENT.csproj", "{3832BCFB-BD9D-4A0B-8C35-CC0C3428985C}"
EndProject
Global
	GlobalSection(SolutionConfigurationPlatforms) = preSolution
		Debug|Any CPU = Debug|Any CPU
		Release|Any CPU = Release|Any CPU
	EndGlobalSection
	GlobalSection(ProjectConfigurationPlatforms) = postSolution
		{8B0F91FE-4BCC-437F-8DBB-143C6FD78D3F}.Debug|Any CPU.ActiveCfg = Debug|Any CPU
		{8B0F91FE-4BCC-437F-8DBB-143C6FD78D3F}.Debug|Any CPU.Build.0 = Debug|Any CPU
		{8B0F91FE-4BCC-437F-8DBB-143C6FD78D3F}.Release|Any CPU.ActiveCfg = Release|Any CPU
		{8B0F91FE-4BCC-437F-8DBB-143C6FD78D3F}.Release|Any CPU.Build.0 = Release|Any CPU
		{3832BCFB-BD9D-4A0B-8C35-CC0C3428985C}.Debug|Any CPU.ActiveCfg = Debug|Any CPU
		{3832BCFB-BD9D-4A0B-8C35-CC0C3428985C}.Debug|Any CPU.Build.0 = Debug|Any CPU
		{3832BCFB-BD9D-4A0B-8C35-CC0C3428985C}.Release|Any CPU.ActiveCfg = Release|Any CPU
		{3832BCFB-BD9D-4A0B-8C35-CC0C3428985C}.Release|Any CPU.Build.0 = Release|Any CPU
	EndGlobalSection
	GlobalSection(SolutionProperties) = preSolution
		HideSolutionNode = FALSE
	EndGlobalSection
	GlobalSection(ExtensibilityGlobals) = postSolution
		SolutionGuid = {6E0AF3FD-CED7-4F53-BF91-84B1370713BB}
	EndGlobalSection
EndGlobal
